<?xml version="1.0" encoding="utf-8"?>
<Project ToolsVersion="4.0" xmlns="http://schemas.microsoft.com/developer/msbuild/2003">
  <ItemGroup>
    <ClCompile Include="src\ofApp.cpp">
      <Filter>src</Filter>
    </ClCompile>
    <ClCompile Include="src\main.cpp">
      <Filter>src</Filter>
    </ClCompile>
    <ClCompile Include="..\src\ofxJSONElement.cpp">
      <Filter>addons\ofxJSON\src</Filter>
    </ClCompile>
    <ClCompile Include="..\libs\jsoncpp\src\jsoncpp.cpp">
      <Filter>addons\ofxJSON\libs\jsoncpp\src</Filter>
    </ClCompile>
  </ItemGroup>
  <ItemGroup>
    <Filter Include="src">
      <UniqueIdentifier>{d8376475-7454-4a24-b08a-aac121d3ad6f}</UniqueIdentifier>
    </Filter>
    <Filter Include="addons">
      <UniqueIdentifier>{ebdd80fb-dfb0-4eff-af6a-5c9707b4e850}</UniqueIdentifier>
    </Filter>
    <Filter Include="addons\ofxJSON">
      <UniqueIdentifier>{f7ff7ffb-0153-42e5-9371-efe3aa4d9b6a}</UniqueIdentifier>
    </Filter>
    <Filter Include="addons\ofxJSON\src">
      <UniqueIdentifier>{dbf7d930-2fa3-4049-89d9-86d231daba45}</UniqueIdentifier>
    </Filter>
    <Filter Include="addons\ofxJSON\libs">
      <UniqueIdentifier>{093a664d-5ca6-4fc2-805b-3d7f18a16d3e}</UniqueIdentifier>
    </Filter>
    <Filter Include="addons\ofxJSON\libs\jsoncpp">
      <UniqueIdentifier>{74944399-0e17-458d-bf66-dd9308ac9687}</UniqueIdentifier>
    </Filter>
    <Filter Include="addons\ofxJSON\libs\jsoncpp\include">
      <UniqueIdentifier>{580149f6-f2ec-41b6-80dd-3183dc17d7d2}</UniqueIdentifier>
    </Filter>
    <Filter Include="addons\ofxJSON\libs\jsoncpp\include\json">
      <UniqueIdentifier>{7ef7cdbf-ea88-4a44-99dd-703ddc15d817}</UniqueIdentifier>
    </Filter>
    <Filter Include="addons\ofxJSON\libs\jsoncpp\src">
      <UniqueIdentifier>{4fedd2d0-e924-45c6-9071-4348e887cffd}</UniqueIdentifier>
    </Filter>
  </ItemGroup>
  <ItemGroup>
    <ClInclude Include="src\ofApp.h">
      <Filter>src</Filter>
    </ClInclude>
    <ClInclude Include="..\src\ofxJSON.h">
      <Filter>addons\ofxJSON\src</Filter>
    </ClInclude>
    <ClInclude Include="..\src\ofxJSONElement.h">
      <Filter>addons\ofxJSON\src</Filter>
    </ClInclude>
    <ClInclude Include="..\libs\jsoncpp\include\json\json-forwards.h">
      <Filter>addons\ofxJSON\libs\jsoncpp\include\json</Filter>
    </ClInclude>
    <ClInclude Include="..\libs\jsoncpp\include\json\json.h">
      <Filter>addons\ofxJSON\libs\jsoncpp\include\json</Filter>
    </ClInclude>
  </ItemGroup>
  <ItemGroup>
    <ResourceCompile Include="icon.rc" />
  </ItemGroup>
</Project>